// !$*UTF8*$!
{
	archiveVersion = 1;
	classes = {
	};
	objectVersion = 51;
	objects = {

/* Begin PBXBuildFile section */
		3BCAC442F680AE598E28A4AA /* Pods_WireBarleyCodingTest.framework in Frameworks */ = {isa = PBXBuildFile; fileRef = 2E6F1315BB1BA16A33758FE7 /* Pods_WireBarleyCodingTest.framework */; };
		704875BE248E1DAF009152F9 /* AppDelegate.swift in Sources */ = {isa = PBXBuildFile; fileRef = 704875BD248E1DAF009152F9 /* AppDelegate.swift */; };
		704875C0248E1DAF009152F9 /* SceneDelegate.swift in Sources */ = {isa = PBXBuildFile; fileRef = 704875BF248E1DAF009152F9 /* SceneDelegate.swift */; };
		704875C2248E1DAF009152F9 /* ViewController.swift in Sources */ = {isa = PBXBuildFile; fileRef = 704875C1248E1DAF009152F9 /* ViewController.swift */; };
		704875C5248E1DAF009152F9 /* Main.storyboard in Resources */ = {isa = PBXBuildFile; fileRef = 704875C3248E1DAF009152F9 /* Main.storyboard */; };
		704875C7248E1DB3009152F9 /* Assets.xcassets in Resources */ = {isa = PBXBuildFile; fileRef = 704875C6248E1DB3009152F9 /* Assets.xcassets */; };
		704875CA248E1DB3009152F9 /* LaunchScreen.storyboard in Resources */ = {isa = PBXBuildFile; fileRef = 704875C8248E1DB3009152F9 /* LaunchScreen.storyboard */; };
		704875D5248E2693009152F9 /* ExchangeRateView.swift in Sources */ = {isa = PBXBuildFile; fileRef = 704875D4248E2693009152F9 /* ExchangeRateView.swift */; };
		704875D8248E2D61009152F9 /* UIFontExtension.swift in Sources */ = {isa = PBXBuildFile; fileRef = 704875D7248E2D61009152F9 /* UIFontExtension.swift */; };
		704875DA248E3100009152F9 /* CGFloatExtension.swift in Sources */ = {isa = PBXBuildFile; fileRef = 704875D9248E3100009152F9 /* CGFloatExtension.swift */; };
		704875DC248E465B009152F9 /* RecipientCountry.swift in Sources */ = {isa = PBXBuildFile; fileRef = 704875DB248E465B009152F9 /* RecipientCountry.swift */; };
/* End PBXBuildFile section */

/* Begin PBXFileReference section */
		2E6F1315BB1BA16A33758FE7 /* Pods_WireBarleyCodingTest.framework */ = {isa = PBXFileReference; explicitFileType = wrapper.framework; includeInIndex = 0; path = Pods_WireBarleyCodingTest.framework; sourceTree = BUILT_PRODUCTS_DIR; };
		459D3AEDFD15605DBEA6D604 /* Pods-WireBarleyCodingTest.release.xcconfig */ = {isa = PBXFileReference; includeInIndex = 1; lastKnownFileType = text.xcconfig; name = "Pods-WireBarleyCodingTest.release.xcconfig"; path = "Target Support Files/Pods-WireBarleyCodingTest/Pods-WireBarleyCodingTest.release.xcconfig"; sourceTree = "<group>"; };
		704875BA248E1DAF009152F9 /* WireBarleyCodingTest.app */ = {isa = PBXFileReference; explicitFileType = wrapper.application; includeInIndex = 0; path = WireBarleyCodingTest.app; sourceTree = BUILT_PRODUCTS_DIR; };
		704875BD248E1DAF009152F9 /* AppDelegate.swift */ = {isa = PBXFileReference; lastKnownFileType = sourcecode.swift; path = AppDelegate.swift; sourceTree = "<group>"; };
		704875BF248E1DAF009152F9 /* SceneDelegate.swift */ = {isa = PBXFileReference; lastKnownFileType = sourcecode.swift; path = SceneDelegate.swift; sourceTree = "<group>"; };
		704875C1248E1DAF009152F9 /* ViewController.swift */ = {isa = PBXFileReference; lastKnownFileType = sourcecode.swift; path = ViewController.swift; sourceTree = "<group>"; };
		704875C4248E1DAF009152F9 /* Base */ = {isa = PBXFileReference; lastKnownFileType = file.storyboard; name = Base; path = Base.lproj/Main.storyboard; sourceTree = "<group>"; };
		704875C6248E1DB3009152F9 /* Assets.xcassets */ = {isa = PBXFileReference; lastKnownFileType = folder.assetcatalog; path = Assets.xcassets; sourceTree = "<group>"; };
		704875C9248E1DB3009152F9 /* Base */ = {isa = PBXFileReference; lastKnownFileType = file.storyboard; name = Base; path = Base.lproj/LaunchScreen.storyboard; sourceTree = "<group>"; };
		704875CB248E1DB3009152F9 /* Info.plist */ = {isa = PBXFileReference; lastKnownFileType = text.plist.xml; path = Info.plist; sourceTree = "<group>"; };
		704875D4248E2693009152F9 /* ExchangeRateView.swift */ = {isa = PBXFileReference; lastKnownFileType = sourcecode.swift; path = ExchangeRateView.swift; sourceTree = "<group>"; };
		704875D7248E2D61009152F9 /* UIFontExtension.swift */ = {isa = PBXFileReference; lastKnownFileType = sourcecode.swift; path = UIFontExtension.swift; sourceTree = "<group>"; };
		704875D9248E3100009152F9 /* CGFloatExtension.swift */ = {isa = PBXFileReference; lastKnownFileType = sourcecode.swift; path = CGFloatExtension.swift; sourceTree = "<group>"; };
		704875DB248E465B009152F9 /* RecipientCountry.swift */ = {isa = PBXFileReference; lastKnownFileType = sourcecode.swift; path = RecipientCountry.swift; sourceTree = "<group>"; };
		E659CE42016A21C02C969BA5 /* Pods-WireBarleyCodingTest.debug.xcconfig */ = {isa = PBXFileReference; includeInIndex = 1; lastKnownFileType = text.xcconfig; name = "Pods-WireBarleyCodingTest.debug.xcconfig"; path = "Target Support Files/Pods-WireBarleyCodingTest/Pods-WireBarleyCodingTest.debug.xcconfig"; sourceTree = "<group>"; };
/* End PBXFileReference section */

/* Begin PBXFrameworksBuildPhase section */
		704875B7248E1DAF009152F9 /* Frameworks */ = {
			isa = PBXFrameworksBuildPhase;
			buildActionMask = 2147483647;
			files = (
				3BCAC442F680AE598E28A4AA /* Pods_WireBarleyCodingTest.framework in Frameworks */,
			);
			runOnlyForDeploymentPostprocessing = 0;
		};
/* End PBXFrameworksBuildPhase section */

/* Begin PBXGroup section */
		14C53D3E3B88D4EE39155EA1 /* Frameworks */ = {
			isa = PBXGroup;
			children = (
				2E6F1315BB1BA16A33758FE7 /* Pods_WireBarleyCodingTest.framework */,
			);
			name = Frameworks;
			sourceTree = "<group>";
		};
		6138D412A81A47AA7D535F78 /* Pods */ = {
			isa = PBXGroup;
			children = (
				E659CE42016A21C02C969BA5 /* Pods-WireBarleyCodingTest.debug.xcconfig */,
				459D3AEDFD15605DBEA6D604 /* Pods-WireBarleyCodingTest.release.xcconfig */,
			);
			path = Pods;
			sourceTree = "<group>";
		};
		704875B1248E1DAF009152F9 = {
			isa = PBXGroup;
			children = (
				704875BC248E1DAF009152F9 /* WireBarleyCodingTest */,
				704875BB248E1DAF009152F9 /* Products */,
				6138D412A81A47AA7D535F78 /* Pods */,
				14C53D3E3B88D4EE39155EA1 /* Frameworks */,
			);
			sourceTree = "<group>";
		};
		704875BB248E1DAF009152F9 /* Products */ = {
			isa = PBXGroup;
			children = (
				704875BA248E1DAF009152F9 /* WireBarleyCodingTest.app */,
			);
			name = Products;
			sourceTree = "<group>";
		};
		704875BC248E1DAF009152F9 /* WireBarleyCodingTest */ = {
			isa = PBXGroup;
			children = (
				704875D6248E2D1E009152F9 /* Extension */,
				704875D3248E2090009152F9 /* Model */,
				704875D2248E2085009152F9 /* View */,
				704875D1248E2081009152F9 /* Controller */,
				704875BD248E1DAF009152F9 /* AppDelegate.swift */,
				704875BF248E1DAF009152F9 /* SceneDelegate.swift */,
				704875C3248E1DAF009152F9 /* Main.storyboard */,
				704875C6248E1DB3009152F9 /* Assets.xcassets */,
				704875C8248E1DB3009152F9 /* LaunchScreen.storyboard */,
				704875CB248E1DB3009152F9 /* Info.plist */,
			);
			path = WireBarleyCodingTest;
			sourceTree = "<group>";
		};
		704875D1248E2081009152F9 /* Controller */ = {
			isa = PBXGroup;
			children = (
				704875C1248E1DAF009152F9 /* ViewController.swift */,
			);
			path = Controller;
			sourceTree = "<group>";
		};
		704875D2248E2085009152F9 /* View */ = {
			isa = PBXGroup;
			children = (
				704875D4248E2693009152F9 /* ExchangeRateView.swift */,
			);
			path = View;
			sourceTree = "<group>";
		};
		704875D3248E2090009152F9 /* Model */ = {
			isa = PBXGroup;
			children = (
				704875DB248E465B009152F9 /* RecipientCountry.swift */,
			);
			path = Model;
			sourceTree = "<group>";
		};
		704875D6248E2D1E009152F9 /* Extension */ = {
			isa = PBXGroup;
			children = (
				704875D7248E2D61009152F9 /* UIFontExtension.swift */,
				704875D9248E3100009152F9 /* CGFloatExtension.swift */,
			);
			path = Extension;
			sourceTree = "<group>";
		};
/* End PBXGroup section */

/* Begin PBXNativeTarget section */
		704875B9248E1DAF009152F9 /* WireBarleyCodingTest */ = {
			isa = PBXNativeTarget;
			buildConfigurationList = 704875CE248E1DB3009152F9 /* Build configuration list for PBXNativeTarget "WireBarleyCodingTest" */;
			buildPhases = (
				FF235A9F74ABC1D7A95C5561 /* [CP] Check Pods Manifest.lock */,
				704875B6248E1DAF009152F9 /* Sources */,
				704875B7248E1DAF009152F9 /* Frameworks */,
				704875B8248E1DAF009152F9 /* Resources */,
				961B62C7C2E0EBB753126A6F /* [CP] Embed Pods Frameworks */,
			);
			buildRules = (
			);
			dependencies = (
			);
			name = WireBarleyCodingTest;
			productName = WireBarleyCodingTest;
			productReference = 704875BA248E1DAF009152F9 /* WireBarleyCodingTest.app */;
			productType = "com.apple.product-type.application";
		};
/* End PBXNativeTarget section */

/* Begin PBXProject section */
		704875B2248E1DAF009152F9 /* Project object */ = {
			isa = PBXProject;
			attributes = {
				LastSwiftUpdateCheck = 1150;
				LastUpgradeCheck = 1150;
				ORGANIZATIONNAME = yukyung;
				TargetAttributes = {
					704875B9248E1DAF009152F9 = {
						CreatedOnToolsVersion = 11.5;
					};
				};
			};
			buildConfigurationList = 704875B5248E1DAF009152F9 /* Build configuration list for PBXProject "WireBarleyCodingTest" */;
			compatibilityVersion = "Xcode 9.3";
			developmentRegion = en;
			hasScannedForEncodings = 0;
			knownRegions = (
				en,
				Base,
			);
			mainGroup = 704875B1248E1DAF009152F9;
			productRefGroup = 704875BB248E1DAF009152F9 /* Products */;
			projectDirPath = "";
			projectRoot = "";
			targets = (
				704875B9248E1DAF009152F9 /* WireBarleyCodingTest */,
			);
		};
/* End PBXProject section */

/* Begin PBXResourcesBuildPhase section */
		704875B8248E1DAF009152F9 /* Resources */ = {
			isa = PBXResourcesBuildPhase;
			buildActionMask = 2147483647;
			files = (
				704875CA248E1DB3009152F9 /* LaunchScreen.storyboard in Resources */,
				704875C7248E1DB3009152F9 /* Assets.xcassets in Resources */,
				704875C5248E1DAF009152F9 /* Main.storyboard in Resources */,
			);
			runOnlyForDeploymentPostprocessing = 0;
		};
/* End PBXResourcesBuildPhase section */

/* Begin PBXShellScriptBuildPhase section */
		961B62C7C2E0EBB753126A6F /* [CP] Embed Pods Frameworks */ = {
			isa = PBXShellScriptBuildPhase;
			buildActionMask = 2147483647;
			files = (
			);
			inputFileListPaths = (
				"${PODS_ROOT}/Target Support Files/Pods-WireBarleyCodingTest/Pods-WireBarleyCodingTest-frameworks-${CONFIGURATION}-input-files.xcfilelist",
			);
			name = "[CP] Embed Pods Frameworks";
			outputFileListPaths = (
				"${PODS_ROOT}/Target Support Files/Pods-WireBarleyCodingTest/Pods-WireBarleyCodingTest-frameworks-${CONFIGURATION}-output-files.xcfilelist",
			);
			runOnlyForDeploymentPostprocessing = 0;
			shellPath = /bin/sh;
			shellScript = "\"${PODS_ROOT}/Target Support Files/Pods-WireBarleyCodingTest/Pods-WireBarleyCodingTest-frameworks.sh\"\n";
			showEnvVarsInLog = 0;
		};
		FF235A9F74ABC1D7A95C5561 /* [CP] Check Pods Manifest.lock */ = {
			isa = PBXShellScriptBuildPhase;
			buildActionMask = 2147483647;
			files = (
			);
			inputFileListPaths = (
			);
			inputPaths = (
				"${PODS_PODFILE_DIR_PATH}/Podfile.lock",
				"${PODS_ROOT}/Manifest.lock",
			);
			name = "[CP] Check Pods Manifest.lock";
			outputFileListPaths = (
			);
			outputPaths = (
				"$(DERIVED_FILE_DIR)/Pods-WireBarleyCodingTest-checkManifestLockResult.txt",
			);
			runOnlyForDeploymentPostprocessing = 0;
			shellPath = /bin/sh;
			shellScript = "diff \"${PODS_PODFILE_DIR_PATH}/Podfile.lock\" \"${PODS_ROOT}/Manifest.lock\" > /dev/null\nif [ $? != 0 ] ; then\n    # print error to STDERR\n    echo \"error: The sandbox is not in sync with the Podfile.lock. Run 'pod install' or update your CocoaPods installation.\" >&2\n    exit 1\nfi\n# This output is used by Xcode 'outputs' to avoid re-running this script phase.\necho \"SUCCESS\" > \"${SCRIPT_OUTPUT_FILE_0}\"\n";
			showEnvVarsInLog = 0;
		};
/* End PBXShellScriptBuildPhase section */

/* Begin PBXSourcesBuildPhase section */
		704875B6248E1DAF009152F9 /* Sources */ = {
			isa = PBXSourcesBuildPhase;
			buildActionMask = 2147483647;
			files = (
				704875C2248E1DAF009152F9 /* ViewController.swift in Sources */,
				704875D8248E2D61009152F9 /* UIFontExtension.swift in Sources */,
				704875BE248E1DAF009152F9 /* AppDelegate.swift in Sources */,
				704875C0248E1DAF009152F9 /* SceneDelegate.swift in Sources */,
				704875DC248E465B009152F9 /* RecipientCountry.swift in Sources */,
				704875DA248E3100009152F9 /* CGFloatExtension.swift in Sources */,
				704875D5248E2693009152F9 /* ExchangeRateView.swift in Sources */,
			);
			runOnlyForDeploymentPostprocessing = 0;
		};
/* End PBXSourcesBuildPhase section */

/* Begin PBXVariantGroup section */
		704875C3248E1DAF009152F9 /* Main.storyboard */ = {
			isa = PBXVariantGroup;
			children = (
				704875C4248E1DAF009152F9 /* Base */,
			);
			name = Main.storyboard;
			sourceTree = "<group>";
		};
		704875C8248E1DB3009152F9 /* LaunchScreen.storyboard */ = {
			isa = PBXVariantGroup;
			children = (
				704875C9248E1DB3009152F9 /* Base */,
			);
			name = LaunchScreen.storyboard;
			sourceTree = "<group>";
		};
/* End PBXVariantGroup section */

/* Begin XCBuildConfiguration section */
		704875CC248E1DB3009152F9 /* Debug */ = {
			isa = XCBuildConfiguration;
			buildSettings = {
				ALWAYS_SEARCH_USER_PATHS = NO;
				CLANG_ANALYZER_NONNULL = YES;
				CLANG_ANALYZER_NUMBER_OBJECT_CONVERSION = YES_AGGRESSIVE;
				CLANG_CXX_LANGUAGE_STANDARD = "gnu++14";
				CLANG_CXX_LIBRARY = "libc++";
				CLANG_ENABLE_MODULES = YES;
				CLANG_ENABLE_OBJC_ARC = YES;
				CLANG_ENABLE_OBJC_WEAK = YES;
				CLANG_WARN_BLOCK_CAPTURE_AUTORELEASING = YES;
				CLANG_WARN_BOOL_CONVERSION = YES;
				CLANG_WARN_COMMA = YES;
				CLANG_WARN_CONSTANT_CONVERSION = YES;
				CLANG_WARN_DEPRECATED_OBJC_IMPLEMENTATIONS = YES;
				CLANG_WARN_DIRECT_OBJC_ISA_USAGE = YES_ERROR;
				CLANG_WARN_DOCUMENTATION_COMMENTS = YES;
				CLANG_WARN_EMPTY_BODY = YES;
				CLANG_WARN_ENUM_CONVERSION = YES;
				CLANG_WARN_INFINITE_RECURSION = YES;
				CLANG_WARN_INT_CONVERSION = YES;
				CLANG_WARN_NON_LITERAL_NULL_CONVERSION = YES;
				CLANG_WARN_OBJC_IMPLICIT_RETAIN_SELF = YES;
				CLANG_WARN_OBJC_LITERAL_CONVERSION = YES;
				CLANG_WARN_OBJC_ROOT_CLASS = YES_ERROR;
				CLANG_WARN_RANGE_LOOP_ANALYSIS = YES;
				CLANG_WARN_STRICT_PROTOTYPES = YES;
				CLANG_WARN_SUSPICIOUS_MOVE = YES;
				CLANG_WARN_UNGUARDED_AVAILABILITY = YES_AGGRESSIVE;
				CLANG_WARN_UNREACHABLE_CODE = YES;
				CLANG_WARN__DUPLICATE_METHOD_MATCH = YES;
				COPY_PHASE_STRIP = NO;
				DEBUG_INFORMATION_FORMAT = dwarf;
				ENABLE_STRICT_OBJC_MSGSEND = YES;
				ENABLE_TESTABILITY = YES;
				GCC_C_LANGUAGE_STANDARD = gnu11;
				GCC_DYNAMIC_NO_PIC = NO;
				GCC_NO_COMMON_BLOCKS = YES;
				GCC_OPTIMIZATION_LEVEL = 0;
				GCC_PREPROCESSOR_DEFINITIONS = (
					"DEBUG=1",
					"$(inherited)",
				);
				GCC_WARN_64_TO_32_BIT_CONVERSION = YES;
				GCC_WARN_ABOUT_RETURN_TYPE = YES_ERROR;
				GCC_WARN_UNDECLARED_SELECTOR = YES;
				GCC_WARN_UNINITIALIZED_AUTOS = YES_AGGRESSIVE;
				GCC_WARN_UNUSED_FUNCTION = YES;
				GCC_WARN_UNUSED_VARIABLE = YES;
				IPHONEOS_DEPLOYMENT_TARGET = 13.5;
				MTL_ENABLE_DEBUG_INFO = INCLUDE_SOURCE;
				MTL_FAST_MATH = YES;
				ONLY_ACTIVE_ARCH = YES;
				SDKROOT = iphoneos;
				SWIFT_ACTIVE_COMPILATION_CONDITIONS = DEBUG;
				SWIFT_OPTIMIZATION_LEVEL = "-Onone";
			};
			name = Debug;
		};
		704875CD248E1DB3009152F9 /* Release */ = {
			isa = XCBuildConfiguration;
			buildSettings = {
				ALWAYS_SEARCH_USER_PATHS = NO;
				CLANG_ANALYZER_NONNULL = YES;
				CLANG_ANALYZER_NUMBER_OBJECT_CONVERSION = YES_AGGRESSIVE;
				CLANG_CXX_LANGUAGE_STANDARD = "gnu++14";
				CLANG_CXX_LIBRARY = "libc++";
				CLANG_ENABLE_MODULES = YES;
				CLANG_ENABLE_OBJC_ARC = YES;
				CLANG_ENABLE_OBJC_WEAK = YES;
				CLANG_WARN_BLOCK_CAPTURE_AUTORELEASING = YES;
				CLANG_WARN_BOOL_CONVERSION = YES;
				CLANG_WARN_COMMA = YES;
				CLANG_WARN_CONSTANT_CONVERSION = YES;
				CLANG_WARN_DEPRECATED_OBJC_IMPLEMENTATIONS = YES;
				CLANG_WARN_DIRECT_OBJC_ISA_USAGE = YES_ERROR;
				CLANG_WARN_DOCUMENTATION_COMMENTS = YES;
				CLANG_WARN_EMPTY_BODY = YES;
				CLANG_WARN_ENUM_CONVERSION = YES;
				CLANG_WARN_INFINITE_RECURSION = YES;
				CLANG_WARN_INT_CONVERSION = YES;
				CLANG_WARN_NON_LITERAL_NULL_CONVERSION = YES;
				CLANG_WARN_OBJC_IMPLICIT_RETAIN_SELF = YES;
				CLANG_WARN_OBJC_LITERAL_CONVERSION = YES;
				CLANG_WARN_OBJC_ROOT_CLASS = YES_ERROR;
				CLANG_WARN_RANGE_LOOP_ANALYSIS = YES;
				CLANG_WARN_STRICT_PROTOTYPES = YES;
				CLANG_WARN_SUSPICIOUS_MOVE = YES;
				CLANG_WARN_UNGUARDED_AVAILABILITY = YES_AGGRESSIVE;
				CLANG_WARN_UNREACHABLE_CODE = YES;
				CLANG_WARN__DUPLICATE_METHOD_MATCH = YES;
				COPY_PHASE_STRIP = NO;
				DEBUG_INFORMATION_FORMAT = "dwarf-with-dsym";
				ENABLE_NS_ASSERTIONS = NO;
				ENABLE_STRICT_OBJC_MSGSEND = YES;
				GCC_C_LANGUAGE_STANDARD = gnu11;
				GCC_NO_COMMON_BLOCKS = YES;
				GCC_WARN_64_TO_32_BIT_CONVERSION = YES;
				GCC_WARN_ABOUT_RETURN_TYPE = YES_ERROR;
				GCC_WARN_UNDECLARED_SELECTOR = YES;
				GCC_WARN_UNINITIALIZED_AUTOS = YES_AGGRESSIVE;
				GCC_WARN_UNUSED_FUNCTION = YES;
				GCC_WARN_UNUSED_VARIABLE = YES;
				IPHONEOS_DEPLOYMENT_TARGET = 13.5;
				MTL_ENABLE_DEBUG_INFO = NO;
				MTL_FAST_MATH = YES;
				SDKROOT = iphoneos;
				SWIFT_COMPILATION_MODE = wholemodule;
				SWIFT_OPTIMIZATION_LEVEL = "-O";
				VALIDATE_PRODUCT = YES;
			};
			name = Release;
		};
		704875CF248E1DB3009152F9 /* Debug */ = {
			isa = XCBuildConfiguration;
			baseConfigurationReference = E659CE42016A21C02C969BA5 /* Pods-WireBarleyCodingTest.debug.xcconfig */;
			buildSettings = {
				ASSETCATALOG_COMPILER_APPICON_NAME = AppIcon;
				CODE_SIGN_STYLE = Automatic;
				DEVELOPMENT_TEAM = 6H9Q3M8H26;
				INFOPLIST_FILE = WireBarleyCodingTest/Info.plist;
				LD_RUNPATH_SEARCH_PATHS = (
					"$(inherited)",
					"@executable_path/Frameworks",
				);
				PRODUCT_BUNDLE_IDENTIFIER = com.yukyung.WireBarleyCodingTest;
				PRODUCT_NAME = "$(TARGET_NAME)";
				SWIFT_VERSION = 5.0;
				TARGETED_DEVICE_FAMILY = "1,2";
			};
			name = Debug;
		};
		704875D0248E1DB3009152F9 /* Release */ = {
			isa = XCBuildConfiguration;
			baseConfigurationReference = 459D3AEDFD15605DBEA6D604 /* Pods-WireBarleyCodingTest.release.xcconfig */;
			buildSettings = {
				ASSETCATALOG_COMPILER_APPICON_NAME = AppIcon;
				CODE_SIGN_STYLE = Automatic;
				DEVELOPMENT_TEAM = 6H9Q3M8H26;
				INFOPLIST_FILE = WireBarleyCodingTest/Info.plist;
				LD_RUNPATH_SEARCH_PATHS = (
					"$(inherited)",
					"@executable_path/Frameworks",
				);
				PRODUCT_BUNDLE_IDENTIFIER = com.yukyung.WireBarleyCodingTest;
				PRODUCT_NAME = "$(TARGET_NAME)";
				SWIFT_VERSION = 5.0;
				TARGETED_DEVICE_FAMILY = "1,2";
			};
			name = Release;
		};
/* End XCBuildConfiguration section */

/* Begin XCConfigurationList section */
		704875B5248E1DAF009152F9 /* Build configuration list for PBXProject "WireBarleyCodingTest" */ = {
			isa = XCConfigurationList;
			buildConfigurations = (
				704875CC248E1DB3009152F9 /* Debug */,
				704875CD248E1DB3009152F9 /* Release */,
			);
			defaultConfigurationIsVisible = 0;
			defaultConfigurationName = Release;
		};
		704875CE248E1DB3009152F9 /* Build configuration list for PBXNativeTarget "WireBarleyCodingTest" */ = {
			isa = XCConfigurationList;
			buildConfigurations = (
				704875CF248E1DB3009152F9 /* Debug */,
				704875D0248E1DB3009152F9 /* Release */,
			);
			defaultConfigurationIsVisible = 0;
			defaultConfigurationName = Release;
		};
/* End XCConfigurationList section */
	};
	rootObject = 704875B2248E1DAF009152F9 /* Project object */;
}
